
Microsoft Visual Studio Solution File, Format Version 12.00
# Visual Studio Version 17
VisualStudioVersion = 17.0.31903.59
MinimumVisualStudioVersion = 10.0.40219.1
Project("{2150E333-8FDC-42A3-9474-1A3956D46DE8}") = "BehavioralPattern", "BehavioralPattern", "{9C7BFAE0-F7F3-473B-8852-1916A922994C}"
EndProject
Project("{FAE04EC0-301F-11D3-BF4B-00C04F79EFBC}") = "ChainOfResponsibility", "BehavioralPattern\ChainOfResponsibility\ChainOfResponsibility.csproj", "{023A014F-23EA-4BD3-B273-9F1B8CFEB38A}"
EndProject
Project("{FAE04EC0-301F-11D3-BF4B-00C04F79EFBC}") = "CommandPattern", "BehavioralPattern\CommandPattern\CommandPattern.csproj", "{428E7247-E4BC-4945-AF49-8B5B55F2B3BF}"
EndProject
Project("{2150E333-8FDC-42A3-9474-1A3956D46DE8}") = "IteratorPattern", "IteratorPattern", "{4DBA108D-ECD5-4CD1-8C01-FFE16C69F0AE}"
EndProject
Project("{FAE04EC0-301F-11D3-BF4B-00C04F79EFBC}") = "Classic", "BehavioralPattern\IteratorPattern\Classic\Classic.csproj", "{03DC3576-8715-4E2E-9E5F-5D452DFD0804}"
EndProject
Project("{FAE04EC0-301F-11D3-BF4B-00C04F79EFBC}") = "Idiomatic", "BehavioralPattern\IteratorPattern\Idiomatic\Idiomatic.csproj", "{84F3EAF1-CA42-4B66-97D4-51B5F3A6D46B}"
EndProject
Project("{FAE04EC0-301F-11D3-BF4B-00C04F79EFBC}") = "MediatorPattern", "BehavioralPattern\MediatorPattern\MediatorPattern.csproj", "{B5CC9678-2050-4B1B-B472-34EBAED6178F}"
EndProject
Project("{FAE04EC0-301F-11D3-BF4B-00C04F79EFBC}") = "MementoPattern", "BehavioralPattern\MementoPattern\MementoPattern.csproj", "{D08AC487-6DEF-4422-97EE-3D44F4DEC3A8}"
EndProject
Project("{FAE04EC0-301F-11D3-BF4B-00C04F79EFBC}") = "ObserverPattern", "BehavioralPattern\ObserverPattern\ObserverPattern.csproj", "{BC9FBC36-4006-486D-90E9-00541750EFEE}"
EndProject
Project("{FAE04EC0-301F-11D3-BF4B-00C04F79EFBC}") = "StatePattern", "BehavioralPattern\StatePattern\StatePattern.csproj", "{29F3A51A-0D33-483B-B4A7-2B53CCE35337}"
EndProject
Project("{FAE04EC0-301F-11D3-BF4B-00C04F79EFBC}") = "StrategyPattern", "BehavioralPattern\StrategyPattern\StrategyPattern.csproj", "{29D83CA7-58D6-4968-9B73-D37BB376121B}"
EndProject
Project("{FAE04EC0-301F-11D3-BF4B-00C04F79EFBC}") = "TemplatePattern", "BehavioralPattern\TemplatePattern\TemplatePattern.csproj", "{1582C8E6-A6DD-433A-B959-BEF501F6BD9C}"
EndProject
Project("{FAE04EC0-301F-11D3-BF4B-00C04F79EFBC}") = "VisitorPattern", "BehavioralPattern\VisitorPattern\VisitorPattern.csproj", "{F958043F-3974-4699-BAA8-C811CF7603CD}"
EndProject
Project("{2150E333-8FDC-42A3-9474-1A3956D46DE8}") = "CreationalPattern", "CreationalPattern", "{287FC4F8-6D3F-46AF-819C-A696F6960946}"
EndProject
Project("{FAE04EC0-301F-11D3-BF4B-00C04F79EFBC}") = "AbstractFactoryDesignPattern", "CreationalPattern\AbstractFactoryDesignPattern\AbstractFactoryDesignPattern.csproj", "{C3CF9A03-783F-4B2D-9617-E8F625FC6866}"
EndProject
Project("{FAE04EC0-301F-11D3-BF4B-00C04F79EFBC}") = "BuilderDesignPattern", "CreationalPattern\BuilderDesignPattern\BuilderDesignPattern.csproj", "{BC4D81A5-379F-46FA-BDE7-D0D7455CBA2C}"
EndProject
Project("{FAE04EC0-301F-11D3-BF4B-00C04F79EFBC}") = "FactoryDesignPattern", "CreationalPattern\FactoryDesignPattern\FactoryDesignPattern.csproj", "{557D5948-9B4B-4E27-9E19-8D9AE0B6E512}"
EndProject
Project("{FAE04EC0-301F-11D3-BF4B-00C04F79EFBC}") = "PrototypeDesignPattern", "CreationalPattern\PrototypeDesignPattern\PrototypeDesignPattern.csproj", "{52F68010-8529-4E9A-BDA4-A8346406889C}"
EndProject
Project("{FAE04EC0-301F-11D3-BF4B-00C04F79EFBC}") = "SingletonDesignPattern", "CreationalPattern\SingletonDesignPattern\SingletonDesignPattern.csproj", "{33D47E5D-18D5-45B8-ABD7-3BDA7C1AAFF4}"
EndProject
Project("{2150E333-8FDC-42A3-9474-1A3956D46DE8}") = "StructuralPattern", "StructuralPattern", "{C479F6EC-CE8F-431B-8E43-C4FC728E0922}"
EndProject
Project("{FAE04EC0-301F-11D3-BF4B-00C04F79EFBC}") = "AdapterPattern", "StructuralPattern\AdapterPattern\AdapterPattern.csproj", "{72FD778A-0614-4C53-9707-3653833AF19B}"
EndProject
Project("{FAE04EC0-301F-11D3-BF4B-00C04F79EFBC}") = "BridgePattern", "StructuralPattern\BridgePattern\BridgePattern.csproj", "{AD2C0AB8-233A-4ED9-A81D-C6FC9860C974}"
EndProject
Project("{FAE04EC0-301F-11D3-BF4B-00C04F79EFBC}") = "CompositePattern", "StructuralPattern\CompositePattern\CompositePattern.csproj", "{2C87FF43-13B7-4CF6-9646-C17770273EF1}"
EndProject
Project("{FAE04EC0-301F-11D3-BF4B-00C04F79EFBC}") = "DecoratorPattern", "StructuralPattern\DecoratorPattern\DecoratorPattern.csproj", "{B4215762-EC3E-4890-BAD1-0F87C91A3ED8}"
EndProject
Project("{FAE04EC0-301F-11D3-BF4B-00C04F79EFBC}") = "FacadePattern", "StructuralPattern\FacadePattern\FacadePattern.csproj", "{35BFA2DF-CAA9-4FDE-828D-207BFDA85872}"
EndProject
Project("{FAE04EC0-301F-11D3-BF4B-00C04F79EFBC}") = "Flyweight", "StructuralPattern\Flyweight\Flyweight.csproj", "{7070541B-3CFB-4FCE-98DB-1F09138D5341}"
EndProject
Project("{FAE04EC0-301F-11D3-BF4B-00C04F79EFBC}") = "ProxyPattern", "StructuralPattern\ProxyPattern\ProxyPattern.csproj", "{2B09AF29-7F4A-4749-A09C-57D0FCD9A131}"
EndProject
Project("{2150E333-8FDC-42A3-9474-1A3956D46DE8}") = "Problems", "Problems", "{AF5E384F-24EE-494D-A5E4-E7CD0379D0F3}"
EndProject
Project("{FAE04EC0-301F-11D3-BF4B-00C04F79EFBC}") = "ParkingLot", "Problems\ParkingLot\ParkingLot.csproj", "{DF94236F-CEF7-41B8-87C5-DE1E0B0FEED6}"
EndProject
Project("{2150E333-8FDC-42A3-9474-1A3956D46DE8}") = "StackOverflow", "StackOverflow", "{AA18200B-6E8F-4B61-B702-E3CF1398C87C}"
EndProject
Project("{FAE04EC0-301F-11D3-BF4B-00C04F79EFBC}") = "StackOverflow", "Problems\StackOverflow\StackOverflow.csproj", "{46E39379-8D5B-47C9-B19C-3C2F0A4F5E46}"
EndProject
Project("{FAE04EC0-301F-11D3-BF4B-00C04F79EFBC}") = "VendingMachine", "Problems\VendingMachine\VendingMachine.csproj", "{829CE31A-EEC7-4480-9607-1AD8C76B7BEE}"
EndProject
Global
	GlobalSection(SolutionConfigurationPlatforms) = preSolution
		Debug|Any CPU = Debug|Any CPU
		Release|Any CPU = Release|Any CPU
	EndGlobalSection
	GlobalSection(SolutionProperties) = preSolution
		HideSolutionNode = FALSE
	EndGlobalSection
	GlobalSection(ProjectConfigurationPlatforms) = postSolution
		{023A014F-23EA-4BD3-B273-9F1B8CFEB38A}.Debug|Any CPU.ActiveCfg = Debug|Any CPU
		{023A014F-23EA-4BD3-B273-9F1B8CFEB38A}.Debug|Any CPU.Build.0 = Debug|Any CPU
		{023A014F-23EA-4BD3-B273-9F1B8CFEB38A}.Release|Any CPU.ActiveCfg = Release|Any CPU
		{023A014F-23EA-4BD3-B273-9F1B8CFEB38A}.Release|Any CPU.Build.0 = Release|Any CPU
		{428E7247-E4BC-4945-AF49-8B5B55F2B3BF}.Debug|Any CPU.ActiveCfg = Debug|Any CPU
		{428E7247-E4BC-4945-AF49-8B5B55F2B3BF}.Debug|Any CPU.Build.0 = Debug|Any CPU
		{428E7247-E4BC-4945-AF49-8B5B55F2B3BF}.Release|Any CPU.ActiveCfg = Release|Any CPU
		{428E7247-E4BC-4945-AF49-8B5B55F2B3BF}.Release|Any CPU.Build.0 = Release|Any CPU
		{03DC3576-8715-4E2E-9E5F-5D452DFD0804}.Debug|Any CPU.ActiveCfg = Debug|Any CPU
		{03DC3576-8715-4E2E-9E5F-5D452DFD0804}.Debug|Any CPU.Build.0 = Debug|Any CPU
		{03DC3576-8715-4E2E-9E5F-5D452DFD0804}.Release|Any CPU.ActiveCfg = Release|Any CPU
		{03DC3576-8715-4E2E-9E5F-5D452DFD0804}.Release|Any CPU.Build.0 = Release|Any CPU
		{84F3EAF1-CA42-4B66-97D4-51B5F3A6D46B}.Debug|Any CPU.ActiveCfg = Debug|Any CPU
		{84F3EAF1-CA42-4B66-97D4-51B5F3A6D46B}.Debug|Any CPU.Build.0 = Debug|Any CPU
		{84F3EAF1-CA42-4B66-97D4-51B5F3A6D46B}.Release|Any CPU.ActiveCfg = Release|Any CPU
		{84F3EAF1-CA42-4B66-97D4-51B5F3A6D46B}.Release|Any CPU.Build.0 = Release|Any CPU
		{B5CC9678-2050-4B1B-B472-34EBAED6178F}.Debug|Any CPU.ActiveCfg = Debug|Any CPU
		{B5CC9678-2050-4B1B-B472-34EBAED6178F}.Debug|Any CPU.Build.0 = Debug|Any CPU
		{B5CC9678-2050-4B1B-B472-34EBAED6178F}.Release|Any CPU.ActiveCfg = Release|Any CPU
		{B5CC9678-2050-4B1B-B472-34EBAED6178F}.Release|Any CPU.Build.0 = Release|Any CPU
		{D08AC487-6DEF-4422-97EE-3D44F4DEC3A8}.Debug|Any CPU.ActiveCfg = Debug|Any CPU
		{D08AC487-6DEF-4422-97EE-3D44F4DEC3A8}.Debug|Any CPU.Build.0 = Debug|Any CPU
		{D08AC487-6DEF-4422-97EE-3D44F4DEC3A8}.Release|Any CPU.ActiveCfg = Release|Any CPU
		{D08AC487-6DEF-4422-97EE-3D44F4DEC3A8}.Release|Any CPU.Build.0 = Release|Any CPU
		{BC9FBC36-4006-486D-90E9-00541750EFEE}.Debug|Any CPU.ActiveCfg = Debug|Any CPU
		{BC9FBC36-4006-486D-90E9-00541750EFEE}.Debug|Any CPU.Build.0 = Debug|Any CPU
		{BC9FBC36-4006-486D-90E9-00541750EFEE}.Release|Any CPU.ActiveCfg = Release|Any CPU
		{BC9FBC36-4006-486D-90E9-00541750EFEE}.Release|Any CPU.Build.0 = Release|Any CPU
		{29F3A51A-0D33-483B-B4A7-2B53CCE35337}.Debug|Any CPU.ActiveCfg = Debug|Any CPU
		{29F3A51A-0D33-483B-B4A7-2B53CCE35337}.Debug|Any CPU.Build.0 = Debug|Any CPU
		{29F3A51A-0D33-483B-B4A7-2B53CCE35337}.Release|Any CPU.ActiveCfg = Release|Any CPU
		{29F3A51A-0D33-483B-B4A7-2B53CCE35337}.Release|Any CPU.Build.0 = Release|Any CPU
		{29D83CA7-58D6-4968-9B73-D37BB376121B}.Debug|Any CPU.ActiveCfg = Debug|Any CPU
		{29D83CA7-58D6-4968-9B73-D37BB376121B}.Debug|Any CPU.Build.0 = Debug|Any CPU
		{29D83CA7-58D6-4968-9B73-D37BB376121B}.Release|Any CPU.ActiveCfg = Release|Any CPU
		{29D83CA7-58D6-4968-9B73-D37BB376121B}.Release|Any CPU.Build.0 = Release|Any CPU
		{1582C8E6-A6DD-433A-B959-BEF501F6BD9C}.Debug|Any CPU.ActiveCfg = Debug|Any CPU
		{1582C8E6-A6DD-433A-B959-BEF501F6BD9C}.Debug|Any CPU.Build.0 = Debug|Any CPU
		{1582C8E6-A6DD-433A-B959-BEF501F6BD9C}.Release|Any CPU.ActiveCfg = Release|Any CPU
		{1582C8E6-A6DD-433A-B959-BEF501F6BD9C}.Release|Any CPU.Build.0 = Release|Any CPU
		{F958043F-3974-4699-BAA8-C811CF7603CD}.Debug|Any CPU.ActiveCfg = Debug|Any CPU
		{F958043F-3974-4699-BAA8-C811CF7603CD}.Debug|Any CPU.Build.0 = Debug|Any CPU
		{F958043F-3974-4699-BAA8-C811CF7603CD}.Release|Any CPU.ActiveCfg = Release|Any CPU
		{F958043F-3974-4699-BAA8-C811CF7603CD}.Release|Any CPU.Build.0 = Release|Any CPU
		{C3CF9A03-783F-4B2D-9617-E8F625FC6866}.Debug|Any CPU.ActiveCfg = Debug|Any CPU
		{C3CF9A03-783F-4B2D-9617-E8F625FC6866}.Debug|Any CPU.Build.0 = Debug|Any CPU
		{C3CF9A03-783F-4B2D-9617-E8F625FC6866}.Release|Any CPU.ActiveCfg = Release|Any CPU
		{C3CF9A03-783F-4B2D-9617-E8F625FC6866}.Release|Any CPU.Build.0 = Release|Any CPU
		{BC4D81A5-379F-46FA-BDE7-D0D7455CBA2C}.Debug|Any CPU.ActiveCfg = Debug|Any CPU
		{BC4D81A5-379F-46FA-BDE7-D0D7455CBA2C}.Debug|Any CPU.Build.0 = Debug|Any CPU
		{BC4D81A5-379F-46FA-BDE7-D0D7455CBA2C}.Release|Any CPU.ActiveCfg = Release|Any CPU
		{BC4D81A5-379F-46FA-BDE7-D0D7455CBA2C}.Release|Any CPU.Build.0 = Release|Any CPU
		{557D5948-9B4B-4E27-9E19-8D9AE0B6E512}.Debug|Any CPU.ActiveCfg = Debug|Any CPU
		{557D5948-9B4B-4E27-9E19-8D9AE0B6E512}.Debug|Any CPU.Build.0 = Debug|Any CPU
		{557D5948-9B4B-4E27-9E19-8D9AE0B6E512}.Release|Any CPU.ActiveCfg = Release|Any CPU
		{557D5948-9B4B-4E27-9E19-8D9AE0B6E512}.Release|Any CPU.Build.0 = Release|Any CPU
		{52F68010-8529-4E9A-BDA4-A8346406889C}.Debug|Any CPU.ActiveCfg = Debug|Any CPU
		{52F68010-8529-4E9A-BDA4-A8346406889C}.Debug|Any CPU.Build.0 = Debug|Any CPU
		{52F68010-8529-4E9A-BDA4-A8346406889C}.Release|Any CPU.ActiveCfg = Release|Any CPU
		{52F68010-8529-4E9A-BDA4-A8346406889C}.Release|Any CPU.Build.0 = Release|Any CPU
		{33D47E5D-18D5-45B8-ABD7-3BDA7C1AAFF4}.Debug|Any CPU.ActiveCfg = Debug|Any CPU
		{33D47E5D-18D5-45B8-ABD7-3BDA7C1AAFF4}.Debug|Any CPU.Build.0 = Debug|Any CPU
		{33D47E5D-18D5-45B8-ABD7-3BDA7C1AAFF4}.Release|Any CPU.ActiveCfg = Release|Any CPU
		{33D47E5D-18D5-45B8-ABD7-3BDA7C1AAFF4}.Release|Any CPU.Build.0 = Release|Any CPU
		{72FD778A-0614-4C53-9707-3653833AF19B}.Debug|Any CPU.ActiveCfg = Debug|Any CPU
		{72FD778A-0614-4C53-9707-3653833AF19B}.Debug|Any CPU.Build.0 = Debug|Any CPU
		{72FD778A-0614-4C53-9707-3653833AF19B}.Release|Any CPU.ActiveCfg = Release|Any CPU
		{72FD778A-0614-4C53-9707-3653833AF19B}.Release|Any CPU.Build.0 = Release|Any CPU
		{AD2C0AB8-233A-4ED9-A81D-C6FC9860C974}.Debug|Any CPU.ActiveCfg = Debug|Any CPU
		{AD2C0AB8-233A-4ED9-A81D-C6FC9860C974}.Debug|Any CPU.Build.0 = Debug|Any CPU
		{AD2C0AB8-233A-4ED9-A81D-C6FC9860C974}.Release|Any CPU.ActiveCfg = Release|Any CPU
		{AD2C0AB8-233A-4ED9-A81D-C6FC9860C974}.Release|Any CPU.Build.0 = Release|Any CPU
		{2C87FF43-13B7-4CF6-9646-C17770273EF1}.Debug|Any CPU.ActiveCfg = Debug|Any CPU
		{2C87FF43-13B7-4CF6-9646-C17770273EF1}.Debug|Any CPU.Build.0 = Debug|Any CPU
		{2C87FF43-13B7-4CF6-9646-C17770273EF1}.Release|Any CPU.ActiveCfg = Release|Any CPU
		{2C87FF43-13B7-4CF6-9646-C17770273EF1}.Release|Any CPU.Build.0 = Release|Any CPU
		{B4215762-EC3E-4890-BAD1-0F87C91A3ED8}.Debug|Any CPU.ActiveCfg = Debug|Any CPU
		{B4215762-EC3E-4890-BAD1-0F87C91A3ED8}.Debug|Any CPU.Build.0 = Debug|Any CPU
		{B4215762-EC3E-4890-BAD1-0F87C91A3ED8}.Release|Any CPU.ActiveCfg = Release|Any CPU
		{B4215762-EC3E-4890-BAD1-0F87C91A3ED8}.Release|Any CPU.Build.0 = Release|Any CPU
		{35BFA2DF-CAA9-4FDE-828D-207BFDA85872}.Debug|Any CPU.ActiveCfg = Debug|Any CPU
		{35BFA2DF-CAA9-4FDE-828D-207BFDA85872}.Debug|Any CPU.Build.0 = Debug|Any CPU
		{35BFA2DF-CAA9-4FDE-828D-207BFDA85872}.Release|Any CPU.ActiveCfg = Release|Any CPU
		{35BFA2DF-CAA9-4FDE-828D-207BFDA85872}.Release|Any CPU.Build.0 = Release|Any CPU
		{7070541B-3CFB-4FCE-98DB-1F09138D5341}.Debug|Any CPU.ActiveCfg = Debug|Any CPU
		{7070541B-3CFB-4FCE-98DB-1F09138D5341}.Debug|Any CPU.Build.0 = Debug|Any CPU
		{7070541B-3CFB-4FCE-98DB-1F09138D5341}.Release|Any CPU.ActiveCfg = Release|Any CPU
		{7070541B-3CFB-4FCE-98DB-1F09138D5341}.Release|Any CPU.Build.0 = Release|Any CPU
		{2B09AF29-7F4A-4749-A09C-57D0FCD9A131}.Debug|Any CPU.ActiveCfg = Debug|Any CPU
		{2B09AF29-7F4A-4749-A09C-57D0FCD9A131}.Debug|Any CPU.Build.0 = Debug|Any CPU
		{2B09AF29-7F4A-4749-A09C-57D0FCD9A131}.Release|Any CPU.ActiveCfg = Release|Any CPU
		{2B09AF29-7F4A-4749-A09C-57D0FCD9A131}.Release|Any CPU.Build.0 = Release|Any CPU
		{DF94236F-CEF7-41B8-87C5-DE1E0B0FEED6}.Debug|Any CPU.ActiveCfg = Debug|Any CPU
		{DF94236F-CEF7-41B8-87C5-DE1E0B0FEED6}.Debug|Any CPU.Build.0 = Debug|Any CPU
		{DF94236F-CEF7-41B8-87C5-DE1E0B0FEED6}.Release|Any CPU.ActiveCfg = Release|Any CPU
		{DF94236F-CEF7-41B8-87C5-DE1E0B0FEED6}.Release|Any CPU.Build.0 = Release|Any CPU
		{46E39379-8D5B-47C9-B19C-3C2F0A4F5E46}.Debug|Any CPU.ActiveCfg = Debug|Any CPU
		{46E39379-8D5B-47C9-B19C-3C2F0A4F5E46}.Debug|Any CPU.Build.0 = Debug|Any CPU
		{46E39379-8D5B-47C9-B19C-3C2F0A4F5E46}.Release|Any CPU.ActiveCfg = Release|Any CPU
		{46E39379-8D5B-47C9-B19C-3C2F0A4F5E46}.Release|Any CPU.Build.0 = Release|Any CPU
		{829CE31A-EEC7-4480-9607-1AD8C76B7BEE}.Debug|Any CPU.ActiveCfg = Debug|Any CPU
		{829CE31A-EEC7-4480-9607-1AD8C76B7BEE}.Debug|Any CPU.Build.0 = Debug|Any CPU
		{829CE31A-EEC7-4480-9607-1AD8C76B7BEE}.Release|Any CPU.ActiveCfg = Release|Any CPU
		{829CE31A-EEC7-4480-9607-1AD8C76B7BEE}.Release|Any CPU.Build.0 = Release|Any CPU
	EndGlobalSection
	GlobalSection(NestedProjects) = preSolution
		{023A014F-23EA-4BD3-B273-9F1B8CFEB38A} = {9C7BFAE0-F7F3-473B-8852-1916A922994C}
		{428E7247-E4BC-4945-AF49-8B5B55F2B3BF} = {9C7BFAE0-F7F3-473B-8852-1916A922994C}
		{4DBA108D-ECD5-4CD1-8C01-FFE16C69F0AE} = {9C7BFAE0-F7F3-473B-8852-1916A922994C}
		{03DC3576-8715-4E2E-9E5F-5D452DFD0804} = {4DBA108D-ECD5-4CD1-8C01-FFE16C69F0AE}
		{84F3EAF1-CA42-4B66-97D4-51B5F3A6D46B} = {4DBA108D-ECD5-4CD1-8C01-FFE16C69F0AE}
		{B5CC9678-2050-4B1B-B472-34EBAED6178F} = {9C7BFAE0-F7F3-473B-8852-1916A922994C}
		{D08AC487-6DEF-4422-97EE-3D44F4DEC3A8} = {9C7BFAE0-F7F3-473B-8852-1916A922994C}
		{BC9FBC36-4006-486D-90E9-00541750EFEE} = {9C7BFAE0-F7F3-473B-8852-1916A922994C}
		{29F3A51A-0D33-483B-B4A7-2B53CCE35337} = {9C7BFAE0-F7F3-473B-8852-1916A922994C}
		{29D83CA7-58D6-4968-9B73-D37BB376121B} = {9C7BFAE0-F7F3-473B-8852-1916A922994C}
		{1582C8E6-A6DD-433A-B959-BEF501F6BD9C} = {9C7BFAE0-F7F3-473B-8852-1916A922994C}
		{F958043F-3974-4699-BAA8-C811CF7603CD} = {9C7BFAE0-F7F3-473B-8852-1916A922994C}
		{C3CF9A03-783F-4B2D-9617-E8F625FC6866} = {287FC4F8-6D3F-46AF-819C-A696F6960946}
		{BC4D81A5-379F-46FA-BDE7-D0D7455CBA2C} = {287FC4F8-6D3F-46AF-819C-A696F6960946}
		{557D5948-9B4B-4E27-9E19-8D9AE0B6E512} = {287FC4F8-6D3F-46AF-819C-A696F6960946}
		{52F68010-8529-4E9A-BDA4-A8346406889C} = {287FC4F8-6D3F-46AF-819C-A696F6960946}
		{33D47E5D-18D5-45B8-ABD7-3BDA7C1AAFF4} = {287FC4F8-6D3F-46AF-819C-A696F6960946}
		{72FD778A-0614-4C53-9707-3653833AF19B} = {C479F6EC-CE8F-431B-8E43-C4FC728E0922}
		{AD2C0AB8-233A-4ED9-A81D-C6FC9860C974} = {C479F6EC-CE8F-431B-8E43-C4FC728E0922}
		{2C87FF43-13B7-4CF6-9646-C17770273EF1} = {C479F6EC-CE8F-431B-8E43-C4FC728E0922}
		{B4215762-EC3E-4890-BAD1-0F87C91A3ED8} = {C479F6EC-CE8F-431B-8E43-C4FC728E0922}
		{35BFA2DF-CAA9-4FDE-828D-207BFDA85872} = {C479F6EC-CE8F-431B-8E43-C4FC728E0922}
		{7070541B-3CFB-4FCE-98DB-1F09138D5341} = {C479F6EC-CE8F-431B-8E43-C4FC728E0922}
		{2B09AF29-7F4A-4749-A09C-57D0FCD9A131} = {C479F6EC-CE8F-431B-8E43-C4FC728E0922}
		{DF94236F-CEF7-41B8-87C5-DE1E0B0FEED6} = {AF5E384F-24EE-494D-A5E4-E7CD0379D0F3}
		{AA18200B-6E8F-4B61-B702-E3CF1398C87C} = {AF5E384F-24EE-494D-A5E4-E7CD0379D0F3}
		{46E39379-8D5B-47C9-B19C-3C2F0A4F5E46} = {AA18200B-6E8F-4B61-B702-E3CF1398C87C}
		{829CE31A-EEC7-4480-9607-1AD8C76B7BEE} = {AF5E384F-24EE-494D-A5E4-E7CD0379D0F3}
	EndGlobalSection
EndGlobal
